Microsoft Visual Studio Solution File, Format Version 9.00
# Visual Studio 2005
Project("{8BC9CEB8-8B4A-11D0-8D11-00A0C91BC942}") = "BernieTotem", "BernieTotem2005.vcproj", "{D93E543B-BC9E-40F2-914D-1981A0AC8CA4}"
EndProject
Global
	GlobalSection(SolutionConfigurationPlatforms) = preSolution
		Debug|Win32 = Debug|Win32
		Release|Win32 = Release|Win32
	EndGlobalSection
	GlobalSection(ProjectConfigurationPlatforms) = postSolution
		{D93E543B-BC9E-40F2-914D-1981A0AC8CA4}.Debug|Win32.ActiveCfg = Debug|Win32
		{D93E543B-BC9E-40F2-914D-1981A0AC8CA4}.Debug|Win32.Build.0 = Debug|Win32
		{D93E543B-BC9E-40F2-914D-1981A0AC8CA4}.Release|Win32.ActiveCfg = Release|Win32
		{D93E543B-BC9E-40F2-914D-1981A0AC8CA4}.Release|Win32.Build.0 = Release|Win32
	EndGlobalSection
	GlobalSection(SolutionProperties) = preSolution
		HideSolutionNode = FALSE
	EndGlobalSection
EndGlobal
